PODS:
  - AFNetworking/NSURLSession (4.0.1):
    - AFNetworking/Reachability
    - AFNetworking/Security
    - AFNetworking/Serialization
  - AFNetworking/Reachability (4.0.1)
  - AFNetworking/Security (4.0.1)
  - AFNetworking/Serialization (4.0.1)
  - CocoaAsyncSocket (7.6.5)
  - CocoaUPnP (3.1.0):
    - AFNetworking/NSURLSession (~> 4)
    - AFNetworking/Reachability (~> 4)
    - AFNetworking/Security (~> 4)
    - AFNetworking/Serialization (~> 4)
    - CocoaAsyncSocket (~> 7)
    - GCDWebServer (~> 3)
    - Ono (~> 2)
  - GCDWebServer (3.5.4):
    - GCDWebServer/Core (= 3.5.4)
  - GCDWebServer/Core (3.5.4)
  - LicensePlist (3.13.0)
  - Ono (2.1.2)

DEPENDENCIES:
  - CocoaUPnP (from `https://github.com/PetitStrawberry/CocoaUPnP`, branch `develop`)
  - LicensePlist

SPEC REPOS:
  trunk:
    - AFNetworking
    - CocoaAsyncSocket
    - GCDWebServer
    - LicensePlist
    - Ono

EXTERNAL SOURCES:
  CocoaUPnP:
    :branch: develop
    :git: https://github.com/PetitStrawberry/CocoaUPnP

CHECKOUT OPTIONS:
  CocoaUPnP:
    :commit: 50a06febfef72fcc2cb9cdbc845d3f743c59c9c0
    :git: https://github.com/PetitStrawberry/CocoaUPnP

SPEC CHECKSUMS:
  AFNetworking: 7864c38297c79aaca1500c33288e429c3451fdce
  CocoaAsyncSocket: 065fd1e645c7abab64f7a6a2007a48038fdc6a99
  CocoaUPnP: 1497baeca002657c17e2a6f77cfdd5439deb0ab3
  GCDWebServer: 2c156a56c8226e2d5c0c3f208a3621ccffbe3ce4
  LicensePlist: 4e87d3438e03ae2d368ff5bd85344aa03ca722eb
  Ono: 26a7c1fc4df13ece7747560a1d80655807a8a000

PODFILE CHECKSUM: 7d11f7d9e8b3013be65c054c80368d0b9bb4267b

COCOAPODS: 1.10.2
